
Microsoft Visual Studio Solution File, Format Version 12.00
# Visual Studio Version 16
VisualStudioVersion = 16.0.29911.84
MinimumVisualStudioVersion = 10.0.40219.1
Project("{FAE04EC0-301F-11D3-BF4B-00C04F79EFBC}") = "HackCrisis.UWP", "HackCrisis\HackCrisis.UWP\HackCrisis.UWP.csproj", "{F4D63E53-4401-4E83-9F51-A99BF22F04B6}"
EndProject
Project("{FAE04EC0-301F-11D3-BF4B-00C04F79EFBC}") = "HackCrisis.Android", "HackCrisis\HackCrisis.Android\HackCrisis.Android.csproj", "{65AFE2E0-886E-4229-A7AE-CD9A1FF8974D}"
EndProject
Project("{FAE04EC0-301F-11D3-BF4B-00C04F79EFBC}") = "HackCrisis.iOS", "HackCrisis\HackCrisis.iOS\HackCrisis.iOS.csproj", "{22B07E29-E50B-4498-9B68-2831FB9519B6}"
EndProject
Project("{FAE04EC0-301F-11D3-BF4B-00C04F79EFBC}") = "HackCrisis", "HackCrisis\HackCrisis\HackCrisis.csproj", "{40F876E8-1DA3-40C7-8A9D-41A2B2431347}"
EndProject
Global
	GlobalSection(SolutionConfigurationPlatforms) = preSolution
		Debug|Any CPU = Debug|Any CPU
		Debug|ARM = Debug|ARM
		Debug|iPhone = Debug|iPhone
		Debug|iPhoneSimulator = Debug|iPhoneSimulator
		Debug|x64 = Debug|x64
		Debug|x86 = Debug|x86
		Release|Any CPU = Release|Any CPU
		Release|ARM = Release|ARM
		Release|iPhone = Release|iPhone
		Release|iPhoneSimulator = Release|iPhoneSimulator
		Release|x64 = Release|x64
		Release|x86 = Release|x86
	EndGlobalSection
	GlobalSection(ProjectConfigurationPlatforms) = postSolution
		{F4D63E53-4401-4E83-9F51-A99BF22F04B6}.Debug|Any CPU.ActiveCfg = Debug|x86
		{F4D63E53-4401-4E83-9F51-A99BF22F04B6}.Debug|Any CPU.Build.0 = Debug|x86
		{F4D63E53-4401-4E83-9F51-A99BF22F04B6}.Debug|Any CPU.Deploy.0 = Debug|x86
		{F4D63E53-4401-4E83-9F51-A99BF22F04B6}.Debug|ARM.ActiveCfg = Debug|ARM
		{F4D63E53-4401-4E83-9F51-A99BF22F04B6}.Debug|ARM.Build.0 = Debug|ARM
		{F4D63E53-4401-4E83-9F51-A99BF22F04B6}.Debug|ARM.Deploy.0 = Debug|ARM
		{F4D63E53-4401-4E83-9F51-A99BF22F04B6}.Debug|iPhone.ActiveCfg = Debug|x86
		{F4D63E53-4401-4E83-9F51-A99BF22F04B6}.Debug|iPhone.Build.0 = Debug|x86
		{F4D63E53-4401-4E83-9F51-A99BF22F04B6}.Debug|iPhone.Deploy.0 = Debug|x86
		{F4D63E53-4401-4E83-9F51-A99BF22F04B6}.Debug|iPhoneSimulator.ActiveCfg = Debug|x86
		{F4D63E53-4401-4E83-9F51-A99BF22F04B6}.Debug|iPhoneSimulator.Build.0 = Debug|x86
		{F4D63E53-4401-4E83-9F51-A99BF22F04B6}.Debug|iPhoneSimulator.Deploy.0 = Debug|x86
		{F4D63E53-4401-4E83-9F51-A99BF22F04B6}.Debug|x64.ActiveCfg = Debug|x64
		{F4D63E53-4401-4E83-9F51-A99BF22F04B6}.Debug|x64.Build.0 = Debug|x64
		{F4D63E53-4401-4E83-9F51-A99BF22F04B6}.Debug|x64.Deploy.0 = Debug|x64
		{F4D63E53-4401-4E83-9F51-A99BF22F04B6}.Debug|x86.ActiveCfg = Debug|x86
		{F4D63E53-4401-4E83-9F51-A99BF22F04B6}.Debug|x86.Build.0 = Debug|x86
		{F4D63E53-4401-4E83-9F51-A99BF22F04B6}.Debug|x86.Deploy.0 = Debug|x86
		{F4D63E53-4401-4E83-9F51-A99BF22F04B6}.Release|Any CPU.ActiveCfg = Release|x86
		{F4D63E53-4401-4E83-9F51-A99BF22F04B6}.Release|Any CPU.Build.0 = Release|x86
		{F4D63E53-4401-4E83-9F51-A99BF22F04B6}.Release|Any CPU.Deploy.0 = Release|x86
		{F4D63E53-4401-4E83-9F51-A99BF22F04B6}.Release|ARM.ActiveCfg = Release|ARM
		{F4D63E53-4401-4E83-9F51-A99BF22F04B6}.Release|ARM.Build.0 = Release|ARM
		{F4D63E53-4401-4E83-9F51-A99BF22F04B6}.Release|ARM.Deploy.0 = Release|ARM
		{F4D63E53-4401-4E83-9F51-A99BF22F04B6}.Release|iPhone.ActiveCfg = Release|x86
		{F4D63E53-4401-4E83-9F51-A99BF22F04B6}.Release|iPhone.Build.0 = Release|x86
		{F4D63E53-4401-4E83-9F51-A99BF22F04B6}.Release|iPhone.Deploy.0 = Release|x86
		{F4D63E53-4401-4E83-9F51-A99BF22F04B6}.Release|iPhoneSimulator.ActiveCfg = Release|x86
		{F4D63E53-4401-4E83-9F51-A99BF22F04B6}.Release|iPhoneSimulator.Build.0 = Release|x86
		{F4D63E53-4401-4E83-9F51-A99BF22F04B6}.Release|iPhoneSimulator.Deploy.0 = Release|x86
		{F4D63E53-4401-4E83-9F51-A99BF22F04B6}.Release|x64.ActiveCfg = Release|x64
		{F4D63E53-4401-4E83-9F51-A99BF22F04B6}.Release|x64.Build.0 = Release|x64
		{F4D63E53-4401-4E83-9F51-A99BF22F04B6}.Release|x64.Deploy.0 = Release|x64
		{F4D63E53-4401-4E83-9F51-A99BF22F04B6}.Release|x86.ActiveCfg = Release|x86
		{F4D63E53-4401-4E83-9F51-A99BF22F04B6}.Release|x86.Build.0 = Release|x86
		{F4D63E53-4401-4E83-9F51-A99BF22F04B6}.Release|x86.Deploy.0 = Release|x86
		{65AFE2E0-886E-4229-A7AE-CD9A1FF8974D}.Debug|Any CPU.ActiveCfg = Debug|Any CPU
		{65AFE2E0-886E-4229-A7AE-CD9A1FF8974D}.Debug|Any CPU.Build.0 = Debug|Any CPU
		{65AFE2E0-886E-4229-A7AE-CD9A1FF8974D}.Debug|Any CPU.Deploy.0 = Debug|Any CPU
		{65AFE2E0-886E-4229-A7AE-CD9A1FF8974D}.Debug|ARM.ActiveCfg = Debug|Any CPU
		{65AFE2E0-886E-4229-A7AE-CD9A1FF8974D}.Debug|ARM.Build.0 = Debug|Any CPU
		{65AFE2E0-886E-4229-A7AE-CD9A1FF8974D}.Debug|ARM.Deploy.0 = Debug|Any CPU
		{65AFE2E0-886E-4229-A7AE-CD9A1FF8974D}.Debug|iPhone.ActiveCfg = Debug|Any CPU
		{65AFE2E0-886E-4229-A7AE-CD9A1FF8974D}.Debug|iPhone.Build.0 = Debug|Any CPU
		{65AFE2E0-886E-4229-A7AE-CD9A1FF8974D}.Debug|iPhone.Deploy.0 = Debug|Any CPU
		{65AFE2E0-886E-4229-A7AE-CD9A1FF8974D}.Debug|iPhoneSimulator.ActiveCfg = Debug|Any CPU
		{65AFE2E0-886E-4229-A7AE-CD9A1FF8974D}.Debug|iPhoneSimulator.Build.0 = Debug|Any CPU
		{65AFE2E0-886E-4229-A7AE-CD9A1FF8974D}.Debug|iPhoneSimulator.Deploy.0 = Debug|Any CPU
		{65AFE2E0-886E-4229-A7AE-CD9A1FF8974D}.Debug|x64.ActiveCfg = Debug|Any CPU
		{65AFE2E0-886E-4229-A7AE-CD9A1FF8974D}.Debug|x64.Build.0 = Debug|Any CPU
		{65AFE2E0-886E-4229-A7AE-CD9A1FF8974D}.Debug|x64.Deploy.0 = Debug|Any CPU
		{65AFE2E0-886E-4229-A7AE-CD9A1FF8974D}.Debug|x86.ActiveCfg = Debug|Any CPU
		{65AFE2E0-886E-4229-A7AE-CD9A1FF8974D}.Debug|x86.Build.0 = Debug|Any CPU
		{65AFE2E0-886E-4229-A7AE-CD9A1FF8974D}.Debug|x86.Deploy.0 = Debug|Any CPU
		{65AFE2E0-886E-4229-A7AE-CD9A1FF8974D}.Release|Any CPU.ActiveCfg = Release|Any CPU
		{65AFE2E0-886E-4229-A7AE-CD9A1FF8974D}.Release|Any CPU.Build.0 = Release|Any CPU
		{65AFE2E0-886E-4229-A7AE-CD9A1FF8974D}.Release|Any CPU.Deploy.0 = Release|Any CPU
		{65AFE2E0-886E-4229-A7AE-CD9A1FF8974D}.Release|ARM.ActiveCfg = Release|Any CPU
		{65AFE2E0-886E-4229-A7AE-CD9A1FF8974D}.Release|ARM.Build.0 = Release|Any CPU
		{65AFE2E0-886E-4229-A7AE-CD9A1FF8974D}.Release|ARM.Deploy.0 = Release|Any CPU
		{65AFE2E0-886E-4229-A7AE-CD9A1FF8974D}.Release|iPhone.ActiveCfg = Release|Any CPU
		{65AFE2E0-886E-4229-A7AE-CD9A1FF8974D}.Release|iPhone.Build.0 = Release|Any CPU
		{65AFE2E0-886E-4229-A7AE-CD9A1FF8974D}.Release|iPhone.Deploy.0 = Release|Any CPU
		{65AFE2E0-886E-4229-A7AE-CD9A1FF8974D}.Release|iPhoneSimulator.ActiveCfg = Release|Any CPU
		{65AFE2E0-886E-4229-A7AE-CD9A1FF8974D}.Release|iPhoneSimulator.Build.0 = Release|Any CPU
		{65AFE2E0-886E-4229-A7AE-CD9A1FF8974D}.Release|iPhoneSimulator.Deploy.0 = Release|Any CPU
		{65AFE2E0-886E-4229-A7AE-CD9A1FF8974D}.Release|x64.ActiveCfg = Release|Any CPU
		{65AFE2E0-886E-4229-A7AE-CD9A1FF8974D}.Release|x64.Build.0 = Release|Any CPU
		{65AFE2E0-886E-4229-A7AE-CD9A1FF8974D}.Release|x64.Deploy.0 = Release|Any CPU
		{65AFE2E0-886E-4229-A7AE-CD9A1FF8974D}.Release|x86.ActiveCfg = Release|Any CPU
		{65AFE2E0-886E-4229-A7AE-CD9A1FF8974D}.Release|x86.Build.0 = Release|Any CPU
		{65AFE2E0-886E-4229-A7AE-CD9A1FF8974D}.Release|x86.Deploy.0 = Release|Any CPU
		{22B07E29-E50B-4498-9B68-2831FB9519B6}.Debug|Any CPU.ActiveCfg = Debug|iPhone
		{22B07E29-E50B-4498-9B68-2831FB9519B6}.Debug|Any CPU.Build.0 = Debug|iPhone
		{22B07E29-E50B-4498-9B68-2831FB9519B6}.Debug|Any CPU.Deploy.0 = Debug|iPhone
		{22B07E29-E50B-4498-9B68-2831FB9519B6}.Debug|ARM.ActiveCfg = Debug|iPhone
		{22B07E29-E50B-4498-9B68-2831FB9519B6}.Debug|ARM.Build.0 = Debug|iPhone
		{22B07E29-E50B-4498-9B68-2831FB9519B6}.Debug|ARM.Deploy.0 = Debug|iPhone
		{22B07E29-E50B-4498-9B68-2831FB9519B6}.Debug|iPhone.ActiveCfg = Debug|iPhone
		{22B07E29-E50B-4498-9B68-2831FB9519B6}.Debug|iPhone.Build.0 = Debug|iPhone
		{22B07E29-E50B-4498-9B68-2831FB9519B6}.Debug|iPhone.Deploy.0 = Debug|iPhone
		{22B07E29-E50B-4498-9B68-2831FB9519B6}.Debug|iPhoneSimulator.ActiveCfg = Debug|iPhoneSimulator
		{22B07E29-E50B-4498-9B68-2831FB9519B6}.Debug|iPhoneSimulator.Build.0 = Debug|iPhoneSimulator
		{22B07E29-E50B-4498-9B68-2831FB9519B6}.Debug|iPhoneSimulator.Deploy.0 = Debug|iPhoneSimulator
		{22B07E29-E50B-4498-9B68-2831FB9519B6}.Debug|x64.ActiveCfg = Debug|iPhone
		{22B07E29-E50B-4498-9B68-2831FB9519B6}.Debug|x64.Build.0 = Debug|iPhone
		{22B07E29-E50B-4498-9B68-2831FB9519B6}.Debug|x64.Deploy.0 = Debug|iPhone
		{22B07E29-E50B-4498-9B68-2831FB9519B6}.Debug|x86.ActiveCfg = Debug|iPhone
		{22B07E29-E50B-4498-9B68-2831FB9519B6}.Debug|x86.Build.0 = Debug|iPhone
		{22B07E29-E50B-4498-9B68-2831FB9519B6}.Debug|x86.Deploy.0 = Debug|iPhone
		{22B07E29-E50B-4498-9B68-2831FB9519B6}.Release|Any CPU.ActiveCfg = Release|iPhone
		{22B07E29-E50B-4498-9B68-2831FB9519B6}.Release|Any CPU.Build.0 = Release|iPhone
		{22B07E29-E50B-4498-9B68-2831FB9519B6}.Release|Any CPU.Deploy.0 = Release|iPhone
		{22B07E29-E50B-4498-9B68-2831FB9519B6}.Release|ARM.ActiveCfg = Release|iPhone
		{22B07E29-E50B-4498-9B68-2831FB9519B6}.Release|ARM.Build.0 = Release|iPhone
		{22B07E29-E50B-4498-9B68-2831FB9519B6}.Release|ARM.Deploy.0 = Release|iPhone
		{22B07E29-E50B-4498-9B68-2831FB9519B6}.Release|iPhone.ActiveCfg = Release|iPhone
		{22B07E29-E50B-4498-9B68-2831FB9519B6}.Release|iPhone.Build.0 = Release|iPhone
		{22B07E29-E50B-4498-9B68-2831FB9519B6}.Release|iPhone.Deploy.0 = Release|iPhone
		{22B07E29-E50B-4498-9B68-2831FB9519B6}.Release|iPhoneSimulator.ActiveCfg = Release|iPhoneSimulator
		{22B07E29-E50B-4498-9B68-2831FB9519B6}.Release|iPhoneSimulator.Build.0 = Release|iPhoneSimulator
		{22B07E29-E50B-4498-9B68-2831FB9519B6}.Release|iPhoneSimulator.Deploy.0 = Release|iPhoneSimulator
		{22B07E29-E50B-4498-9B68-2831FB9519B6}.Release|x64.ActiveCfg = Release|iPhone
		{22B07E29-E50B-4498-9B68-2831FB9519B6}.Release|x64.Build.0 = Release|iPhone
		{22B07E29-E50B-4498-9B68-2831FB9519B6}.Release|x64.Deploy.0 = Release|iPhone
		{22B07E29-E50B-4498-9B68-2831FB9519B6}.Release|x86.ActiveCfg = Release|iPhone
		{22B07E29-E50B-4498-9B68-2831FB9519B6}.Release|x86.Build.0 = Release|iPhone
		{22B07E29-E50B-4498-9B68-2831FB9519B6}.Release|x86.Deploy.0 = Release|iPhone
		{40F876E8-1DA3-40C7-8A9D-41A2B2431347}.Debug|Any CPU.ActiveCfg = Debug|Any CPU
		{40F876E8-1DA3-40C7-8A9D-41A2B2431347}.Debug|Any CPU.Build.0 = Debug|Any CPU
		{40F876E8-1DA3-40C7-8A9D-41A2B2431347}.Debug|Any CPU.Deploy.0 = Debug|Any CPU
		{40F876E8-1DA3-40C7-8A9D-41A2B2431347}.Debug|ARM.ActiveCfg = Debug|Any CPU
		{40F876E8-1DA3-40C7-8A9D-41A2B2431347}.Debug|ARM.Build.0 = Debug|Any CPU
		{40F876E8-1DA3-40C7-8A9D-41A2B2431347}.Debug|ARM.Deploy.0 = Debug|Any CPU
		{40F876E8-1DA3-40C7-8A9D-41A2B2431347}.Debug|iPhone.ActiveCfg = Debug|Any CPU
		{40F876E8-1DA3-40C7-8A9D-41A2B2431347}.Debug|iPhone.Build.0 = Debug|Any CPU
		{40F876E8-1DA3-40C7-8A9D-41A2B2431347}.Debug|iPhone.Deploy.0 = Debug|Any CPU
		{40F876E8-1DA3-40C7-8A9D-41A2B2431347}.Debug|iPhoneSimulator.ActiveCfg = Debug|Any CPU
		{40F876E8-1DA3-40C7-8A9D-41A2B2431347}.Debug|iPhoneSimulator.Build.0 = Debug|Any CPU
		{40F876E8-1DA3-40C7-8A9D-41A2B2431347}.Debug|iPhoneSimulator.Deploy.0 = Debug|Any CPU
		{40F876E8-1DA3-40C7-8A9D-41A2B2431347}.Debug|x64.ActiveCfg = Debug|Any CPU
		{40F876E8-1DA3-40C7-8A9D-41A2B2431347}.Debug|x64.Build.0 = Debug|Any CPU
		{40F876E8-1DA3-40C7-8A9D-41A2B2431347}.Debug|x64.Deploy.0 = Debug|Any CPU
		{40F876E8-1DA3-40C7-8A9D-41A2B2431347}.Debug|x86.ActiveCfg = Debug|Any CPU
		{40F876E8-1DA3-40C7-8A9D-41A2B2431347}.Debug|x86.Build.0 = Debug|Any CPU
		{40F876E8-1DA3-40C7-8A9D-41A2B2431347}.Debug|x86.Deploy.0 = Debug|Any CPU
		{40F876E8-1DA3-40C7-8A9D-41A2B2431347}.Release|Any CPU.ActiveCfg = Release|Any CPU
		{40F876E8-1DA3-40C7-8A9D-41A2B2431347}.Release|Any CPU.Build.0 = Release|Any CPU
		{40F876E8-1DA3-40C7-8A9D-41A2B2431347}.Release|Any CPU.Deploy.0 = Release|Any CPU
		{40F876E8-1DA3-40C7-8A9D-41A2B2431347}.Release|ARM.ActiveCfg = Release|Any CPU
		{40F876E8-1DA3-40C7-8A9D-41A2B2431347}.Release|ARM.Build.0 = Release|Any CPU
		{40F876E8-1DA3-40C7-8A9D-41A2B2431347}.Release|ARM.Deploy.0 = Release|Any CPU
		{40F876E8-1DA3-40C7-8A9D-41A2B2431347}.Release|iPhone.ActiveCfg = Release|Any CPU
		{40F876E8-1DA3-40C7-8A9D-41A2B2431347}.Release|iPhone.Build.0 = Release|Any CPU
		{40F876E8-1DA3-40C7-8A9D-41A2B2431347}.Release|iPhone.Deploy.0 = Release|Any CPU
		{40F876E8-1DA3-40C7-8A9D-41A2B2431347}.Release|iPhoneSimulator.ActiveCfg = Release|Any CPU
		{40F876E8-1DA3-40C7-8A9D-41A2B2431347}.Release|iPhoneSimulator.Build.0 = Release|Any CPU
		{40F876E8-1DA3-40C7-8A9D-41A2B2431347}.Release|iPhoneSimulator.Deploy.0 = Release|Any CPU
		{40F876E8-1DA3-40C7-8A9D-41A2B2431347}.Release|x64.ActiveCfg = Release|Any CPU
		{40F876E8-1DA3-40C7-8A9D-41A2B2431347}.Release|x64.Build.0 = Release|Any CPU
		{40F876E8-1DA3-40C7-8A9D-41A2B2431347}.Release|x64.Deploy.0 = Release|Any CPU
		{40F876E8-1DA3-40C7-8A9D-41A2B2431347}.Release|x86.ActiveCfg = Release|Any CPU
		{40F876E8-1DA3-40C7-8A9D-41A2B2431347}.Release|x86.Build.0 = Release|Any CPU
		{40F876E8-1DA3-40C7-8A9D-41A2B2431347}.Release|x86.Deploy.0 = Release|Any CPU
	EndGlobalSection
	GlobalSection(SolutionProperties) = preSolution
		HideSolutionNode = FALSE
	EndGlobalSection
	GlobalSection(ExtensibilityGlobals) = postSolution
		SolutionGuid = {5FEA67BC-EFE6-45DD-BA3C-E3141BAFBF6F}
	EndGlobalSection
EndGlobal
